
Microsoft Visual Studio Solution File, Format Version 12.00
# Visual Studio Version 16
VisualStudioVersion = 16.0.31229.75
MinimumVisualStudioVersion = 10.0.40219.1
Project("{FAE04EC0-301F-11D3-BF4B-00C04F79EFBC}") = "Magicbricks", "Magicbricks.csproj", "{9F3DFFA5-4542-43D3-8CA2-B00F6ECD846F}"
EndProject
Project("{FAE04EC0-301F-11D3-BF4B-00C04F79EFBC}") = "MClib", "..\MClib\MClib.csproj", "{6F26F1CF-77B6-4A4B-A3B5-B311EB0C4E1C}"
EndProject
Global
	GlobalSection(SolutionConfigurationPlatforms) = preSolution
		Debug|Any CPU = Debug|Any CPU
		Release|Any CPU = Release|Any CPU
	EndGlobalSection
	GlobalSection(ProjectConfigurationPlatforms) = postSolution
		{9F3DFFA5-4542-43D3-8CA2-B00F6ECD846F}.Debug|Any CPU.ActiveCfg = Debug|Any CPU
		{9F3DFFA5-4542-43D3-8CA2-B00F6ECD846F}.Debug|Any CPU.Build.0 = Debug|Any CPU
		{9F3DFFA5-4542-43D3-8CA2-B00F6ECD846F}.Release|Any CPU.ActiveCfg = Release|Any CPU
		{9F3DFFA5-4542-43D3-8CA2-B00F6ECD846F}.Release|Any CPU.Build.0 = Release|Any CPU
		{6F26F1CF-77B6-4A4B-A3B5-B311EB0C4E1C}.Debug|Any CPU.ActiveCfg = Debug|Any CPU
		{6F26F1CF-77B6-4A4B-A3B5-B311EB0C4E1C}.Debug|Any CPU.Build.0 = Debug|Any CPU
		{6F26F1CF-77B6-4A4B-A3B5-B311EB0C4E1C}.Release|Any CPU.ActiveCfg = Release|Any CPU
		{6F26F1CF-77B6-4A4B-A3B5-B311EB0C4E1C}.Release|Any CPU.Build.0 = Release|Any CPU
	EndGlobalSection
	GlobalSection(SolutionProperties) = preSolution
		HideSolutionNode = FALSE
	EndGlobalSection
	GlobalSection(ExtensibilityGlobals) = postSolution
		SolutionGuid = {64BB5358-D848-4603-A5A5-5A26E1677F82}
	EndGlobalSection
EndGlobal
